
Microsoft Visual Studio Solution File, Format Version 12.00
# Visual Studio Version 17
VisualStudioVersion = 17.14.36202.13 d17.14
MinimumVisualStudioVersion = 10.0.40219.1
Project("{FAE04EC0-301F-11D3-BF4B-00C04F79EFBC}") = "TestingAppWPF", "TestingAppWPF\TestingAppWPF.csproj", "{6D9B41EF-383C-4BCF-A581-D5CA1022C04A}"
EndProject
Global
	GlobalSection(SolutionConfigurationPlatforms) = preSolution
		Debug|Any CPU = Debug|Any CPU
		Release|Any CPU = Release|Any CPU
	EndGlobalSection
	GlobalSection(ProjectConfigurationPlatforms) = postSolution
		{6D9B41EF-383C-4BCF-A581-D5CA1022C04A}.Debug|Any CPU.ActiveCfg = Debug|Any CPU
		{6D9B41EF-383C-4BCF-A581-D5CA1022C04A}.Debug|Any CPU.Build.0 = Debug|Any CPU
		{6D9B41EF-383C-4BCF-A581-D5CA1022C04A}.Release|Any CPU.ActiveCfg = Release|Any CPU
		{6D9B41EF-383C-4BCF-A581-D5CA1022C04A}.Release|Any CPU.Build.0 = Release|Any CPU
	EndGlobalSection
	GlobalSection(SolutionProperties) = preSolution
		HideSolutionNode = FALSE
	EndGlobalSection
	GlobalSection(ExtensibilityGlobals) = postSolution
		SolutionGuid = {FD10861E-6AFE-46C9-B272-7023B38A9412}
	EndGlobalSection
EndGlobal
